
Microsoft Visual Studio Solution File, Format Version 12.00
# Visual Studio Version 16
VisualStudioVersion = 16.0.31321.278
MinimumVisualStudioVersion = 10.0.40219.1
Project("{9A19103F-16F7-4668-BE54-9A1E7A4F7556}") = "MyAzureStorageLibraryTest", "MyAzureStorageLibraryTest\MyAzureStorageLibraryTest.csproj", "{1BE35A0C-76B5-4BEF-B43C-0F18D3429F65}"
EndProject
Project("{FAE04EC0-301F-11D3-BF4B-00C04F79EFBC}") = "MyAzureStorageLibrary", "MyAzureStorageLibrary\MyAzureStorageLibrary.csproj", "{AB48FADA-3B63-4EF0-AD06-A82991F27716}"
EndProject
Global
	GlobalSection(SolutionConfigurationPlatforms) = preSolution
		Debug|Any CPU = Debug|Any CPU
		Release|Any CPU = Release|Any CPU
	EndGlobalSection
	GlobalSection(ProjectConfigurationPlatforms) = postSolution
		{1BE35A0C-76B5-4BEF-B43C-0F18D3429F65}.Debug|Any CPU.ActiveCfg = Debug|Any CPU
		{1BE35A0C-76B5-4BEF-B43C-0F18D3429F65}.Debug|Any CPU.Build.0 = Debug|Any CPU
		{1BE35A0C-76B5-4BEF-B43C-0F18D3429F65}.Release|Any CPU.ActiveCfg = Release|Any CPU
		{1BE35A0C-76B5-4BEF-B43C-0F18D3429F65}.Release|Any CPU.Build.0 = Release|Any CPU
		{AB48FADA-3B63-4EF0-AD06-A82991F27716}.Debug|Any CPU.ActiveCfg = Debug|Any CPU
		{AB48FADA-3B63-4EF0-AD06-A82991F27716}.Debug|Any CPU.Build.0 = Debug|Any CPU
		{AB48FADA-3B63-4EF0-AD06-A82991F27716}.Release|Any CPU.ActiveCfg = Release|Any CPU
		{AB48FADA-3B63-4EF0-AD06-A82991F27716}.Release|Any CPU.Build.0 = Release|Any CPU
	EndGlobalSection
	GlobalSection(SolutionProperties) = preSolution
		HideSolutionNode = FALSE
	EndGlobalSection
	GlobalSection(ExtensibilityGlobals) = postSolution
		SolutionGuid = {4B2D3326-7C6A-4D88-9ADE-F532B16253B4}
	EndGlobalSection
EndGlobal
